
Microsoft Visual Studio Solution File, Format Version 12.00
# Visual Studio 14
VisualStudioVersion = 14.0.25420.1
MinimumVisualStudioVersion = 10.0.40219.1
Project("{FAE04EC0-301F-11D3-BF4B-00C04F79EFBC}") = "Cwrs.Httl.Web", "Cwrs.Httl.Web\Cwrs.Httl.Web.csproj", "{0E94961B-0CDD-4BDA-AA28-1D57098B0ADD}"
EndProject
Project("{FAE04EC0-301F-11D3-BF4B-00C04F79EFBC}") = "Cwrs.DataBase", "Cwrs.DataBase\Cwrs.DataBase.csproj", "{F727FC15-9E41-4BB8-861F-9D78C01C51F8}"
EndProject
Project("{FAE04EC0-301F-11D3-BF4B-00C04F79EFBC}") = "Cwrs.Lib", "Cwrs.Lib\Cwrs.Lib.csproj", "{64DEBD26-0BC5-4B25-8760-509EEE9AFB8D}"
EndProject
Project("{FAE04EC0-301F-11D3-BF4B-00C04F79EFBC}") = "Cwrs.LogDB", "Cwrs.LogDB\Cwrs.LogDB.csproj", "{0A856677-6937-4BC7-A352-B5A1C7CD5220}"
EndProject
Global
	GlobalSection(SolutionConfigurationPlatforms) = preSolution
		Debug|Any CPU = Debug|Any CPU
		Release|Any CPU = Release|Any CPU
	EndGlobalSection
	GlobalSection(ProjectConfigurationPlatforms) = postSolution
		{0E94961B-0CDD-4BDA-AA28-1D57098B0ADD}.Debug|Any CPU.ActiveCfg = Debug|Any CPU
		{0E94961B-0CDD-4BDA-AA28-1D57098B0ADD}.Debug|Any CPU.Build.0 = Debug|Any CPU
		{0E94961B-0CDD-4BDA-AA28-1D57098B0ADD}.Release|Any CPU.ActiveCfg = Release|Any CPU
		{0E94961B-0CDD-4BDA-AA28-1D57098B0ADD}.Release|Any CPU.Build.0 = Release|Any CPU
		{F727FC15-9E41-4BB8-861F-9D78C01C51F8}.Debug|Any CPU.ActiveCfg = Debug|Any CPU
		{F727FC15-9E41-4BB8-861F-9D78C01C51F8}.Debug|Any CPU.Build.0 = Debug|Any CPU
		{F727FC15-9E41-4BB8-861F-9D78C01C51F8}.Release|Any CPU.ActiveCfg = Release|Any CPU
		{F727FC15-9E41-4BB8-861F-9D78C01C51F8}.Release|Any CPU.Build.0 = Release|Any CPU
		{64DEBD26-0BC5-4B25-8760-509EEE9AFB8D}.Debug|Any CPU.ActiveCfg = Debug|Any CPU
		{64DEBD26-0BC5-4B25-8760-509EEE9AFB8D}.Debug|Any CPU.Build.0 = Debug|Any CPU
		{64DEBD26-0BC5-4B25-8760-509EEE9AFB8D}.Release|Any CPU.ActiveCfg = Release|Any CPU
		{64DEBD26-0BC5-4B25-8760-509EEE9AFB8D}.Release|Any CPU.Build.0 = Release|Any CPU
		{0A856677-6937-4BC7-A352-B5A1C7CD5220}.Debug|Any CPU.ActiveCfg = Debug|Any CPU
		{0A856677-6937-4BC7-A352-B5A1C7CD5220}.Debug|Any CPU.Build.0 = Debug|Any CPU
		{0A856677-6937-4BC7-A352-B5A1C7CD5220}.Release|Any CPU.ActiveCfg = Release|Any CPU
		{0A856677-6937-4BC7-A352-B5A1C7CD5220}.Release|Any CPU.Build.0 = Release|Any CPU
	EndGlobalSection
	GlobalSection(SolutionProperties) = preSolution
		HideSolutionNode = FALSE
	EndGlobalSection
EndGlobal
